
Microsoft Visual Studio Solution File, Format Version 12.00
Project("{FAE04EC0-301F-11D3-BF4B-00C04F79EFBC}") = "WebSiteComparer.Core", "WebSiteComparer.Core\WebSiteComparer.Core.csproj", "{97236950-46B3-4196-B1E6-CDE9CCC3D7A9}"
EndProject
Project("{2150E333-8FDC-42A3-9474-1A3956D46DE8}") = "Public", "Public", "{D9ECE104-9F8D-448E-B057-4C22279B056C}"
	ProjectSection(SolutionItems) = preProject
		.gitignore = .gitignore
		README.md = README.md
	EndProjectSection
EndProject
Project("{FAE04EC0-301F-11D3-BF4B-00C04F79EFBC}") = "WebSiteComparer.UseCases", "WebSiteComparer.UseCases\WebSiteComparer.UseCases.csproj", "{326C8927-663B-402D-A149-5FF0620C6B42}"
EndProject
Project("{2150E333-8FDC-42A3-9474-1A3956D46DE8}") = "Images", "Images", "{FB48C990-7318-412F-A4B3-9FAADC4A77E0}"
	ProjectSection(SolutionItems) = preProject
		Images\output.png = Images\output.png
	EndProjectSection
EndProject
Project("{FAE04EC0-301F-11D3-BF4B-00C04F79EFBC}") = "ImageProcessing", "ImageProcessing\ImageProcessing.csproj", "{5CE0B3B7-7D3D-409E-BED3-8F5CAEAB0CBD}"
EndProject
Project("{FAE04EC0-301F-11D3-BF4B-00C04F79EFBC}") = "ImageProcessing.Extensions", "ImageProcessing.Extensions\ImageProcessing.Extensions.csproj", "{30ACFF24-A636-4EAC-99ED-3C6AD5CBD214}"
EndProject
Project("{FAE04EC0-301F-11D3-BF4B-00C04F79EFBC}") = "ImageProcessing.Tests", "ImageProcessing.Tests\ImageProcessing.Tests.csproj", "{406A06C2-656B-46CE-9CBA-0FB39E791AE1}"
EndProject
Project("{FAE04EC0-301F-11D3-BF4B-00C04F79EFBC}") = "UiTesting.Playwright", "UiTesting.Playwright\UiTesting.Playwright.csproj", "{F7D8F3A5-7D76-4CBD-B2A1-B8F99CFF856D}"
EndProject
Project("{2150E333-8FDC-42A3-9474-1A3956D46DE8}") = "ImageProcessing", "ImageProcessing", "{3E71BFB6-07F3-4E09-B265-9495EA6D50F8}"
EndProject
Project("{2150E333-8FDC-42A3-9474-1A3956D46DE8}") = "Tests", "Tests", "{B909EDB8-23E6-4C63-966E-82C92BAC4DC4}"
EndProject
Project("{2150E333-8FDC-42A3-9474-1A3956D46DE8}") = "UI", "UI", "{F2B23B85-C5D9-42BA-B104-0EBCDA9618B8}"
EndProject
Project("{FAE04EC0-301F-11D3-BF4B-00C04F79EFBC}") = "WebSiteComparer.Console", "WebSiteComparer.Console\WebSiteComparer.Console.csproj", "{04E8E77B-D3C2-4C1A-BDFB-49C6870E01B9}"
EndProject
Global
	GlobalSection(SolutionConfigurationPlatforms) = preSolution
		Debug|Any CPU = Debug|Any CPU
		Release|Any CPU = Release|Any CPU
	EndGlobalSection
	GlobalSection(ProjectConfigurationPlatforms) = postSolution
		{97236950-46B3-4196-B1E6-CDE9CCC3D7A9}.Debug|Any CPU.ActiveCfg = Debug|Any CPU
		{97236950-46B3-4196-B1E6-CDE9CCC3D7A9}.Debug|Any CPU.Build.0 = Debug|Any CPU
		{97236950-46B3-4196-B1E6-CDE9CCC3D7A9}.Release|Any CPU.ActiveCfg = Release|Any CPU
		{97236950-46B3-4196-B1E6-CDE9CCC3D7A9}.Release|Any CPU.Build.0 = Release|Any CPU
		{326C8927-663B-402D-A149-5FF0620C6B42}.Debug|Any CPU.ActiveCfg = Debug|Any CPU
		{326C8927-663B-402D-A149-5FF0620C6B42}.Debug|Any CPU.Build.0 = Debug|Any CPU
		{326C8927-663B-402D-A149-5FF0620C6B42}.Release|Any CPU.ActiveCfg = Release|Any CPU
		{326C8927-663B-402D-A149-5FF0620C6B42}.Release|Any CPU.Build.0 = Release|Any CPU
		{5CE0B3B7-7D3D-409E-BED3-8F5CAEAB0CBD}.Debug|Any CPU.ActiveCfg = Debug|Any CPU
		{5CE0B3B7-7D3D-409E-BED3-8F5CAEAB0CBD}.Debug|Any CPU.Build.0 = Debug|Any CPU
		{5CE0B3B7-7D3D-409E-BED3-8F5CAEAB0CBD}.Release|Any CPU.ActiveCfg = Release|Any CPU
		{5CE0B3B7-7D3D-409E-BED3-8F5CAEAB0CBD}.Release|Any CPU.Build.0 = Release|Any CPU
		{30ACFF24-A636-4EAC-99ED-3C6AD5CBD214}.Debug|Any CPU.ActiveCfg = Debug|Any CPU
		{30ACFF24-A636-4EAC-99ED-3C6AD5CBD214}.Debug|Any CPU.Build.0 = Debug|Any CPU
		{30ACFF24-A636-4EAC-99ED-3C6AD5CBD214}.Release|Any CPU.ActiveCfg = Release|Any CPU
		{30ACFF24-A636-4EAC-99ED-3C6AD5CBD214}.Release|Any CPU.Build.0 = Release|Any CPU
		{406A06C2-656B-46CE-9CBA-0FB39E791AE1}.Debug|Any CPU.ActiveCfg = Debug|Any CPU
		{406A06C2-656B-46CE-9CBA-0FB39E791AE1}.Debug|Any CPU.Build.0 = Debug|Any CPU
		{406A06C2-656B-46CE-9CBA-0FB39E791AE1}.Release|Any CPU.ActiveCfg = Release|Any CPU
		{406A06C2-656B-46CE-9CBA-0FB39E791AE1}.Release|Any CPU.Build.0 = Release|Any CPU
		{F7D8F3A5-7D76-4CBD-B2A1-B8F99CFF856D}.Debug|Any CPU.ActiveCfg = Debug|Any CPU
		{F7D8F3A5-7D76-4CBD-B2A1-B8F99CFF856D}.Debug|Any CPU.Build.0 = Debug|Any CPU
		{F7D8F3A5-7D76-4CBD-B2A1-B8F99CFF856D}.Release|Any CPU.ActiveCfg = Release|Any CPU
		{F7D8F3A5-7D76-4CBD-B2A1-B8F99CFF856D}.Release|Any CPU.Build.0 = Release|Any CPU
		{04E8E77B-D3C2-4C1A-BDFB-49C6870E01B9}.Debug|Any CPU.ActiveCfg = Debug|Any CPU
		{04E8E77B-D3C2-4C1A-BDFB-49C6870E01B9}.Debug|Any CPU.Build.0 = Debug|Any CPU
		{04E8E77B-D3C2-4C1A-BDFB-49C6870E01B9}.Release|Any CPU.ActiveCfg = Release|Any CPU
		{04E8E77B-D3C2-4C1A-BDFB-49C6870E01B9}.Release|Any CPU.Build.0 = Release|Any CPU
	EndGlobalSection
	GlobalSection(NestedProjects) = preSolution
		{FB48C990-7318-412F-A4B3-9FAADC4A77E0} = {D9ECE104-9F8D-448E-B057-4C22279B056C}
		{5CE0B3B7-7D3D-409E-BED3-8F5CAEAB0CBD} = {3E71BFB6-07F3-4E09-B265-9495EA6D50F8}
		{30ACFF24-A636-4EAC-99ED-3C6AD5CBD214} = {3E71BFB6-07F3-4E09-B265-9495EA6D50F8}
		{406A06C2-656B-46CE-9CBA-0FB39E791AE1} = {B909EDB8-23E6-4C63-966E-82C92BAC4DC4}
		{04E8E77B-D3C2-4C1A-BDFB-49C6870E01B9} = {F2B23B85-C5D9-42BA-B104-0EBCDA9618B8}
	EndGlobalSection
EndGlobal
